
Microsoft Visual Studio Solution File, Format Version 12.00
# Visual Studio Version 17
VisualStudioVersion = 17.0.31903.59
MinimumVisualStudioVersion = 10.0.40219.1
Project("{2150E333-8FDC-42A3-9474-1A3956D46DE8}") = "src", "src", "{827E0CD3-B72D-47B6-A68D-7590B98EB39B}"
EndProject
Project("{FAE04EC0-301F-11D3-BF4B-00C04F79EFBC}") = "Aesthetic.Domain", "src\Aesthetic.Domain\Aesthetic.Domain.csproj", "{EC316434-4449-4596-8D1F-616391BEF14D}"
EndProject
Project("{FAE04EC0-301F-11D3-BF4B-00C04F79EFBC}") = "Aesthetic.Application", "src\Aesthetic.Application\Aesthetic.Application.csproj", "{2DDC2115-20E6-4808-A437-F8766A85F9BA}"
EndProject
Project("{FAE04EC0-301F-11D3-BF4B-00C04F79EFBC}") = "Aesthetic.Infrastructure", "src\Aesthetic.Infrastructure\Aesthetic.Infrastructure.csproj", "{48E94237-7FB8-46B6-834C-68A902DAD72B}"
EndProject
Project("{FAE04EC0-301F-11D3-BF4B-00C04F79EFBC}") = "Aesthetic.API", "src\Aesthetic.API\Aesthetic.API.csproj", "{29A192CB-F2C7-4948-8AE9-30F66E38CB4D}"
EndProject
Project("{2150E333-8FDC-42A3-9474-1A3956D46DE8}") = "tests", "tests", "{0AB3BF05-4346-4AA6-1389-037BE0695223}"
EndProject
Project("{FAE04EC0-301F-11D3-BF4B-00C04F79EFBC}") = "Aesthetic.UnitTests", "tests\Aesthetic.UnitTests\Aesthetic.UnitTests.csproj", "{94653B63-989F-4B38-9437-C51C0B6BA769}"
EndProject
Project("{FAE04EC0-301F-11D3-BF4B-00C04F79EFBC}") = "Aesthetic.IntegrationTests", "tests\Aesthetic.IntegrationTests\Aesthetic.IntegrationTests.csproj", "{A989446E-2A43-4F46-B769-2A7CAB70DE94}"
EndProject
Global
	GlobalSection(SolutionConfigurationPlatforms) = preSolution
		Debug|Any CPU = Debug|Any CPU
		Debug|x64 = Debug|x64
		Debug|x86 = Debug|x86
		Release|Any CPU = Release|Any CPU
		Release|x64 = Release|x64
		Release|x86 = Release|x86
	EndGlobalSection
	GlobalSection(ProjectConfigurationPlatforms) = postSolution
		{EC316434-4449-4596-8D1F-616391BEF14D}.Debug|Any CPU.ActiveCfg = Debug|Any CPU
		{EC316434-4449-4596-8D1F-616391BEF14D}.Debug|Any CPU.Build.0 = Debug|Any CPU
		{EC316434-4449-4596-8D1F-616391BEF14D}.Debug|x64.ActiveCfg = Debug|Any CPU
		{EC316434-4449-4596-8D1F-616391BEF14D}.Debug|x64.Build.0 = Debug|Any CPU
		{EC316434-4449-4596-8D1F-616391BEF14D}.Debug|x86.ActiveCfg = Debug|Any CPU
		{EC316434-4449-4596-8D1F-616391BEF14D}.Debug|x86.Build.0 = Debug|Any CPU
		{EC316434-4449-4596-8D1F-616391BEF14D}.Release|Any CPU.ActiveCfg = Release|Any CPU
		{EC316434-4449-4596-8D1F-616391BEF14D}.Release|Any CPU.Build.0 = Release|Any CPU
		{EC316434-4449-4596-8D1F-616391BEF14D}.Release|x64.ActiveCfg = Release|Any CPU
		{EC316434-4449-4596-8D1F-616391BEF14D}.Release|x64.Build.0 = Release|Any CPU
		{EC316434-4449-4596-8D1F-616391BEF14D}.Release|x86.ActiveCfg = Release|Any CPU
		{EC316434-4449-4596-8D1F-616391BEF14D}.Release|x86.Build.0 = Release|Any CPU
		{2DDC2115-20E6-4808-A437-F8766A85F9BA}.Debug|Any CPU.ActiveCfg = Debug|Any CPU
		{2DDC2115-20E6-4808-A437-F8766A85F9BA}.Debug|Any CPU.Build.0 = Debug|Any CPU
		{2DDC2115-20E6-4808-A437-F8766A85F9BA}.Debug|x64.ActiveCfg = Debug|Any CPU
		{2DDC2115-20E6-4808-A437-F8766A85F9BA}.Debug|x64.Build.0 = Debug|Any CPU
		{2DDC2115-20E6-4808-A437-F8766A85F9BA}.Debug|x86.ActiveCfg = Debug|Any CPU
		{2DDC2115-20E6-4808-A437-F8766A85F9BA}.Debug|x86.Build.0 = Debug|Any CPU
		{2DDC2115-20E6-4808-A437-F8766A85F9BA}.Release|Any CPU.ActiveCfg = Release|Any CPU
		{2DDC2115-20E6-4808-A437-F8766A85F9BA}.Release|Any CPU.Build.0 = Release|Any CPU
		{2DDC2115-20E6-4808-A437-F8766A85F9BA}.Release|x64.ActiveCfg = Release|Any CPU
		{2DDC2115-20E6-4808-A437-F8766A85F9BA}.Release|x64.Build.0 = Release|Any CPU
		{2DDC2115-20E6-4808-A437-F8766A85F9BA}.Release|x86.ActiveCfg = Release|Any CPU
		{2DDC2115-20E6-4808-A437-F8766A85F9BA}.Release|x86.Build.0 = Release|Any CPU
		{48E94237-7FB8-46B6-834C-68A902DAD72B}.Debug|Any CPU.ActiveCfg = Debug|Any CPU
		{48E94237-7FB8-46B6-834C-68A902DAD72B}.Debug|Any CPU.Build.0 = Debug|Any CPU
		{48E94237-7FB8-46B6-834C-68A902DAD72B}.Debug|x64.ActiveCfg = Debug|Any CPU
		{48E94237-7FB8-46B6-834C-68A902DAD72B}.Debug|x64.Build.0 = Debug|Any CPU
		{48E94237-7FB8-46B6-834C-68A902DAD72B}.Debug|x86.ActiveCfg = Debug|Any CPU
		{48E94237-7FB8-46B6-834C-68A902DAD72B}.Debug|x86.Build.0 = Debug|Any CPU
		{48E94237-7FB8-46B6-834C-68A902DAD72B}.Release|Any CPU.ActiveCfg = Release|Any CPU
		{48E94237-7FB8-46B6-834C-68A902DAD72B}.Release|Any CPU.Build.0 = Release|Any CPU
		{48E94237-7FB8-46B6-834C-68A902DAD72B}.Release|x64.ActiveCfg = Release|Any CPU
		{48E94237-7FB8-46B6-834C-68A902DAD72B}.Release|x64.Build.0 = Release|Any CPU
		{48E94237-7FB8-46B6-834C-68A902DAD72B}.Release|x86.ActiveCfg = Release|Any CPU
		{48E94237-7FB8-46B6-834C-68A902DAD72B}.Release|x86.Build.0 = Release|Any CPU
		{29A192CB-F2C7-4948-8AE9-30F66E38CB4D}.Debug|Any CPU.ActiveCfg = Debug|Any CPU
		{29A192CB-F2C7-4948-8AE9-30F66E38CB4D}.Debug|Any CPU.Build.0 = Debug|Any CPU
		{29A192CB-F2C7-4948-8AE9-30F66E38CB4D}.Debug|x64.ActiveCfg = Debug|Any CPU
		{29A192CB-F2C7-4948-8AE9-30F66E38CB4D}.Debug|x64.Build.0 = Debug|Any CPU
		{29A192CB-F2C7-4948-8AE9-30F66E38CB4D}.Debug|x86.ActiveCfg = Debug|Any CPU
		{29A192CB-F2C7-4948-8AE9-30F66E38CB4D}.Debug|x86.Build.0 = Debug|Any CPU
		{29A192CB-F2C7-4948-8AE9-30F66E38CB4D}.Release|Any CPU.ActiveCfg = Release|Any CPU
		{29A192CB-F2C7-4948-8AE9-30F66E38CB4D}.Release|Any CPU.Build.0 = Release|Any CPU
		{29A192CB-F2C7-4948-8AE9-30F66E38CB4D}.Release|x64.ActiveCfg = Release|Any CPU
		{29A192CB-F2C7-4948-8AE9-30F66E38CB4D}.Release|x64.Build.0 = Release|Any CPU
		{29A192CB-F2C7-4948-8AE9-30F66E38CB4D}.Release|x86.ActiveCfg = Release|Any CPU
		{29A192CB-F2C7-4948-8AE9-30F66E38CB4D}.Release|x86.Build.0 = Release|Any CPU
		{94653B63-989F-4B38-9437-C51C0B6BA769}.Debug|Any CPU.ActiveCfg = Debug|Any CPU
		{94653B63-989F-4B38-9437-C51C0B6BA769}.Debug|Any CPU.Build.0 = Debug|Any CPU
		{94653B63-989F-4B38-9437-C51C0B6BA769}.Debug|x64.ActiveCfg = Debug|Any CPU
		{94653B63-989F-4B38-9437-C51C0B6BA769}.Debug|x64.Build.0 = Debug|Any CPU
		{94653B63-989F-4B38-9437-C51C0B6BA769}.Debug|x86.ActiveCfg = Debug|Any CPU
		{94653B63-989F-4B38-9437-C51C0B6BA769}.Debug|x86.Build.0 = Debug|Any CPU
		{94653B63-989F-4B38-9437-C51C0B6BA769}.Release|Any CPU.ActiveCfg = Release|Any CPU
		{94653B63-989F-4B38-9437-C51C0B6BA769}.Release|Any CPU.Build.0 = Release|Any CPU
		{94653B63-989F-4B38-9437-C51C0B6BA769}.Release|x64.ActiveCfg = Release|Any CPU
		{94653B63-989F-4B38-9437-C51C0B6BA769}.Release|x64.Build.0 = Release|Any CPU
		{94653B63-989F-4B38-9437-C51C0B6BA769}.Release|x86.ActiveCfg = Release|Any CPU
		{94653B63-989F-4B38-9437-C51C0B6BA769}.Release|x86.Build.0 = Release|Any CPU
		{A989446E-2A43-4F46-B769-2A7CAB70DE94}.Debug|Any CPU.ActiveCfg = Debug|Any CPU
		{A989446E-2A43-4F46-B769-2A7CAB70DE94}.Debug|Any CPU.Build.0 = Debug|Any CPU
		{A989446E-2A43-4F46-B769-2A7CAB70DE94}.Debug|x64.ActiveCfg = Debug|Any CPU
		{A989446E-2A43-4F46-B769-2A7CAB70DE94}.Debug|x64.Build.0 = Debug|Any CPU
		{A989446E-2A43-4F46-B769-2A7CAB70DE94}.Debug|x86.ActiveCfg = Debug|Any CPU
		{A989446E-2A43-4F46-B769-2A7CAB70DE94}.Debug|x86.Build.0 = Debug|Any CPU
		{A989446E-2A43-4F46-B769-2A7CAB70DE94}.Release|Any CPU.ActiveCfg = Release|Any CPU
		{A989446E-2A43-4F46-B769-2A7CAB70DE94}.Release|Any CPU.Build.0 = Release|Any CPU
		{A989446E-2A43-4F46-B769-2A7CAB70DE94}.Release|x64.ActiveCfg = Release|Any CPU
		{A989446E-2A43-4F46-B769-2A7CAB70DE94}.Release|x64.Build.0 = Release|Any CPU
		{A989446E-2A43-4F46-B769-2A7CAB70DE94}.Release|x86.ActiveCfg = Release|Any CPU
		{A989446E-2A43-4F46-B769-2A7CAB70DE94}.Release|x86.Build.0 = Release|Any CPU
	EndGlobalSection
	GlobalSection(SolutionProperties) = preSolution
		HideSolutionNode = FALSE
	EndGlobalSection
	GlobalSection(NestedProjects) = preSolution
		{EC316434-4449-4596-8D1F-616391BEF14D} = {827E0CD3-B72D-47B6-A68D-7590B98EB39B}
		{2DDC2115-20E6-4808-A437-F8766A85F9BA} = {827E0CD3-B72D-47B6-A68D-7590B98EB39B}
		{48E94237-7FB8-46B6-834C-68A902DAD72B} = {827E0CD3-B72D-47B6-A68D-7590B98EB39B}
		{29A192CB-F2C7-4948-8AE9-30F66E38CB4D} = {827E0CD3-B72D-47B6-A68D-7590B98EB39B}
		{94653B63-989F-4B38-9437-C51C0B6BA769} = {0AB3BF05-4346-4AA6-1389-037BE0695223}
		{A989446E-2A43-4F46-B769-2A7CAB70DE94} = {0AB3BF05-4346-4AA6-1389-037BE0695223}
	EndGlobalSection
EndGlobal
